
Microsoft Visual Studio Solution File, Format Version 12.00
# Visual Studio Version 17
VisualStudioVersion = 17.11.35312.102
MinimumVisualStudioVersion = 10.0.40219.1
Project("{FAE04EC0-301F-11D3-BF4B-00C04F79EFBC}") = "GadevangTennisklub2025", "GadevangTennisklub2025\GadevangTennisklub2025.csproj", "{53D68EB4-730A-475F-AF4D-54B2115D513A}"
EndProject
Global
	GlobalSection(SolutionConfigurationPlatforms) = preSolution
		Debug|Any CPU = Debug|Any CPU
		Release|Any CPU = Release|Any CPU
	EndGlobalSection
	GlobalSection(ProjectConfigurationPlatforms) = postSolution
		{53D68EB4-730A-475F-AF4D-54B2115D513A}.Debug|Any CPU.ActiveCfg = Debug|Any CPU
		{53D68EB4-730A-475F-AF4D-54B2115D513A}.Debug|Any CPU.Build.0 = Debug|Any CPU
		{53D68EB4-730A-475F-AF4D-54B2115D513A}.Release|Any CPU.ActiveCfg = Release|Any CPU
		{53D68EB4-730A-475F-AF4D-54B2115D513A}.Release|Any CPU.Build.0 = Release|Any CPU
	EndGlobalSection
	GlobalSection(SolutionProperties) = preSolution
		HideSolutionNode = FALSE
	EndGlobalSection
	GlobalSection(ExtensibilityGlobals) = postSolution
		SolutionGuid = {EDFF849C-F07F-4D41-AB03-EFF1A06A5F43}
	EndGlobalSection
EndGlobal
